
Microsoft Visual Studio Solution File, Format Version 12.00
# Visual Studio Version 17
VisualStudioVersion = 17.11.35222.181
MinimumVisualStudioVersion = 10.0.40219.1
Project("{FAE04EC0-301F-11D3-BF4B-00C04F79EFBC}") = "oop_project", "oop_project\oop_project.csproj", "{F88C1611-DC08-4E9A-A36B-257C3866B9CC}"
EndProject
Project("{FAE04EC0-301F-11D3-BF4B-00C04F79EFBC}") = "tests_xunit", "tests_xunit\tests_xunit.csproj", "{2CB2D289-5B33-4734-A6CF-630A6AE6E017}"
EndProject
Project("{FAE04EC0-301F-11D3-BF4B-00C04F79EFBC}") = "ui", "ui\ui.csproj", "{7BA96369-A188-4BFC-A845-10EEE2A4952D}"
EndProject
Global
	GlobalSection(SolutionConfigurationPlatforms) = preSolution
		Debug|Any CPU = Debug|Any CPU
		Release|Any CPU = Release|Any CPU
	EndGlobalSection
	GlobalSection(ProjectConfigurationPlatforms) = postSolution
		{F88C1611-DC08-4E9A-A36B-257C3866B9CC}.Debug|Any CPU.ActiveCfg = Debug|Any CPU
		{F88C1611-DC08-4E9A-A36B-257C3866B9CC}.Debug|Any CPU.Build.0 = Debug|Any CPU
		{F88C1611-DC08-4E9A-A36B-257C3866B9CC}.Release|Any CPU.ActiveCfg = Release|Any CPU
		{F88C1611-DC08-4E9A-A36B-257C3866B9CC}.Release|Any CPU.Build.0 = Release|Any CPU
		{2CB2D289-5B33-4734-A6CF-630A6AE6E017}.Debug|Any CPU.ActiveCfg = Debug|Any CPU
		{2CB2D289-5B33-4734-A6CF-630A6AE6E017}.Debug|Any CPU.Build.0 = Debug|Any CPU
		{2CB2D289-5B33-4734-A6CF-630A6AE6E017}.Release|Any CPU.ActiveCfg = Release|Any CPU
		{2CB2D289-5B33-4734-A6CF-630A6AE6E017}.Release|Any CPU.Build.0 = Release|Any CPU
		{7BA96369-A188-4BFC-A845-10EEE2A4952D}.Debug|Any CPU.ActiveCfg = Debug|Any CPU
		{7BA96369-A188-4BFC-A845-10EEE2A4952D}.Debug|Any CPU.Build.0 = Debug|Any CPU
		{7BA96369-A188-4BFC-A845-10EEE2A4952D}.Release|Any CPU.ActiveCfg = Release|Any CPU
		{7BA96369-A188-4BFC-A845-10EEE2A4952D}.Release|Any CPU.Build.0 = Release|Any CPU
	EndGlobalSection
	GlobalSection(SolutionProperties) = preSolution
		HideSolutionNode = FALSE
	EndGlobalSection
	GlobalSection(ExtensibilityGlobals) = postSolution
		SolutionGuid = {75230EE8-1197-4B8E-88D1-08225042FF60}
	EndGlobalSection
EndGlobal
