
Microsoft Visual Studio Solution File, Format Version 12.00
# Visual Studio Version 17
VisualStudioVersion = 17.11.35222.181
MinimumVisualStudioVersion = 10.0.40219.1
Project("{FAE04EC0-301F-11D3-BF4B-00C04F79EFBC}") = "oop_project", "oop_project\oop_project.csproj", "{F88C1611-DC08-4E9A-A36B-257C3866B9CC}"
EndProject
Project("{FAE04EC0-301F-11D3-BF4B-00C04F79EFBC}") = "tests", "tests\tests.csproj", "{51343674-7620-438F-9E85-1D01A323EA64}"
EndProject
Global
	GlobalSection(SolutionConfigurationPlatforms) = preSolution
		Debug|Any CPU = Debug|Any CPU
		Release|Any CPU = Release|Any CPU
	EndGlobalSection
	GlobalSection(ProjectConfigurationPlatforms) = postSolution
		{F88C1611-DC08-4E9A-A36B-257C3866B9CC}.Debug|Any CPU.ActiveCfg = Debug|Any CPU
		{F88C1611-DC08-4E9A-A36B-257C3866B9CC}.Debug|Any CPU.Build.0 = Debug|Any CPU
		{F88C1611-DC08-4E9A-A36B-257C3866B9CC}.Release|Any CPU.ActiveCfg = Release|Any CPU
		{F88C1611-DC08-4E9A-A36B-257C3866B9CC}.Release|Any CPU.Build.0 = Release|Any CPU
		{51343674-7620-438F-9E85-1D01A323EA64}.Debug|Any CPU.ActiveCfg = Debug|Any CPU
		{51343674-7620-438F-9E85-1D01A323EA64}.Debug|Any CPU.Build.0 = Debug|Any CPU
		{51343674-7620-438F-9E85-1D01A323EA64}.Release|Any CPU.ActiveCfg = Release|Any CPU
		{51343674-7620-438F-9E85-1D01A323EA64}.Release|Any CPU.Build.0 = Release|Any CPU
	EndGlobalSection
	GlobalSection(SolutionProperties) = preSolution
		HideSolutionNode = FALSE
	EndGlobalSection
	GlobalSection(ExtensibilityGlobals) = postSolution
		SolutionGuid = {75230EE8-1197-4B8E-88D1-08225042FF60}
	EndGlobalSection
EndGlobal
